
Microsoft Visual Studio Solution File, Format Version 12.00
Project("{FAE04EC0-301F-11D3-BF4B-00C04F79EFBC}") = "AhoStringSearch", "src\AhoStringSearch\AhoStringSearch.csproj", "{75947DB8-F280-4E45-B979-3CAF2D6FF8D3}"
EndProject
Project("{FAE04EC0-301F-11D3-BF4B-00C04F79EFBC}") = "AhoStringSearch.Tests", "src\AhoStringSearch.Tests\AhoStringSearch.Tests.csproj", "{D217158D-E90B-4DA5-A1D1-79ACB17F64A3}"
EndProject
Project("{FAE04EC0-301F-11D3-BF4B-00C04F79EFBC}") = "AhoStringSearch.Benchmark", "src\AhoStringSearch.Benchmark\AhoStringSearch.Benchmark.csproj", "{6F50D183-1213-428F-A4CA-82A102047652}"
EndProject
Project("{2150E333-8FDC-42A3-9474-1A3956D46DE8}") = "assets", "assets", "{8FA68973-D3F6-4A2B-B3FF-EACA636D58E4}"
	ProjectSection(SolutionItems) = preProject
		assets\benchmark-results.png = assets\benchmark-results.png
	EndProjectSection
EndProject
Project("{2150E333-8FDC-42A3-9474-1A3956D46DE8}") = "src", "src", "{2D71A0B4-B643-4FF8-B051-3F29C6BB550C}"
EndProject
Project("{2150E333-8FDC-42A3-9474-1A3956D46DE8}") = "examples", "examples", "{970FAA0B-A71A-4349-B37A-B8FDE7C14BB3}"
EndProject
Global
	GlobalSection(SolutionConfigurationPlatforms) = preSolution
		Debug|Any CPU = Debug|Any CPU
		Release|Any CPU = Release|Any CPU
	EndGlobalSection
	GlobalSection(ProjectConfigurationPlatforms) = postSolution
		{75947DB8-F280-4E45-B979-3CAF2D6FF8D3}.Debug|Any CPU.ActiveCfg = Debug|Any CPU
		{75947DB8-F280-4E45-B979-3CAF2D6FF8D3}.Debug|Any CPU.Build.0 = Debug|Any CPU
		{75947DB8-F280-4E45-B979-3CAF2D6FF8D3}.Release|Any CPU.ActiveCfg = Release|Any CPU
		{75947DB8-F280-4E45-B979-3CAF2D6FF8D3}.Release|Any CPU.Build.0 = Release|Any CPU
		{D217158D-E90B-4DA5-A1D1-79ACB17F64A3}.Debug|Any CPU.ActiveCfg = Debug|Any CPU
		{D217158D-E90B-4DA5-A1D1-79ACB17F64A3}.Debug|Any CPU.Build.0 = Debug|Any CPU
		{D217158D-E90B-4DA5-A1D1-79ACB17F64A3}.Release|Any CPU.ActiveCfg = Release|Any CPU
		{D217158D-E90B-4DA5-A1D1-79ACB17F64A3}.Release|Any CPU.Build.0 = Release|Any CPU
		{6F50D183-1213-428F-A4CA-82A102047652}.Release|Any CPU.ActiveCfg = Release|Any CPU
		{6F50D183-1213-428F-A4CA-82A102047652}.Release|Any CPU.Build.0 = Release|Any CPU
		{6F50D183-1213-428F-A4CA-82A102047652}.Debug|Any CPU.ActiveCfg = Release|Any CPU
		{6F50D183-1213-428F-A4CA-82A102047652}.Debug|Any CPU.Build.0 = Release|Any CPU
	EndGlobalSection
	GlobalSection(NestedProjects) = preSolution
		{75947DB8-F280-4E45-B979-3CAF2D6FF8D3} = {2D71A0B4-B643-4FF8-B051-3F29C6BB550C}
		{6F50D183-1213-428F-A4CA-82A102047652} = {2D71A0B4-B643-4FF8-B051-3F29C6BB550C}
		{D217158D-E90B-4DA5-A1D1-79ACB17F64A3} = {2D71A0B4-B643-4FF8-B051-3F29C6BB550C}
	EndGlobalSection
EndGlobal
